
Microsoft Visual Studio Solution File, Format Version 12.00
# Visual Studio Version 17
VisualStudioVersion = 17.1.32228.430
MinimumVisualStudioVersion = 10.0.40219.1
Project("{FAE04EC0-301F-11D3-BF4B-00C04F79EFBC}") = "WebApplication2", "WebApplication2\WebApplication2.csproj", "{6FA6F478-EE91-4CB2-9538-9FA3ED55D6FC}"
EndProject
Global
	GlobalSection(SolutionConfigurationPlatforms) = preSolution
		Debug|Any CPU = Debug|Any CPU
		Release|Any CPU = Release|Any CPU
	EndGlobalSection
	GlobalSection(ProjectConfigurationPlatforms) = postSolution
		{6FA6F478-EE91-4CB2-9538-9FA3ED55D6FC}.Debug|Any CPU.ActiveCfg = Debug|Any CPU
		{6FA6F478-EE91-4CB2-9538-9FA3ED55D6FC}.Debug|Any CPU.Build.0 = Debug|Any CPU
		{6FA6F478-EE91-4CB2-9538-9FA3ED55D6FC}.Release|Any CPU.ActiveCfg = Release|Any CPU
		{6FA6F478-EE91-4CB2-9538-9FA3ED55D6FC}.Release|Any CPU.Build.0 = Release|Any CPU
	EndGlobalSection
	GlobalSection(SolutionProperties) = preSolution
		HideSolutionNode = FALSE
	EndGlobalSection
	GlobalSection(ExtensibilityGlobals) = postSolution
		SolutionGuid = {D87BC831-8022-4311-B689-6E3F2A3F41F0}
	EndGlobalSection
EndGlobal
